<?xml version="1.0" encoding="utf-8"?>
<Project ToolsVersion="4.0" xmlns="http://schemas.microsoft.com/developer/msbuild/2003">
  <ItemGroup>
    <Filter Include="Source Files">
      <UniqueIdentifier>{4FC737F1-C7A5-4376-A066-2A32D752A2FF}</UniqueIdentifier>
      <Extensions>cpp;c;cc;cxx;def;odl;idl;hpj;bat;asm;asmx</Extensions>
    </Filter>
    <Filter Include="Header Files">
      <UniqueIdentifier>{93995380-89BD-4b04-88EB-625FBE52EBFB}</UniqueIdentifier>
      <Extensions>h;hpp;hxx;hm;inl;inc;xsd</Extensions>
    </Filter>
    <Filter Include="Lib">
      <UniqueIdentifier>{2c63941a-7f91-4720-8539-7516a9e98940}</UniqueIdentifier>
    </Filter>
    <Filter Include="Lib\PugiXML">
      <UniqueIdentifier>{ce483824-260f-4c8a-aff2-670259a916be}</UniqueIdentifier>
    </Filter>
    <Filter Include="Lib\SDK">
      <UniqueIdentifier>{c47d2fa7-3126-4893-893e-34de13c7cfc9}</UniqueIdentifier>
    </Filter>
    <Filter Include="Lib\SDK\amx">
      <UniqueIdentifier>{0a62a8bf-6cfb-40c0-bf94-9ad771b40058}</UniqueIdentifier>
    </Filter>
    <Filter Include="sampsvr_files">
      <UniqueIdentifier>{6960c332-6714-4bf9-9796-1b8c06fc14ae}</UniqueIdentifier>
    </Filter>
    <Filter Include="sampsvr_files\filterscripts">
      <UniqueIdentifier>{b972df03-cb83-4701-bda7-707d830e4a1c}</UniqueIdentifier>
    </Filter>
    <Filter Include="sampsvr_files\pawno">
      <UniqueIdentifier>{9ef1d749-2a9a-4832-a344-6616c49739f9}</UniqueIdentifier>
    </Filter>
    <Filter Include="sampsvr_files\pawno\include">
      <UniqueIdentifier>{bedc7d14-147c-45ee-817e-4ddd293c043f}</UniqueIdentifier>
    </Filter>
  </ItemGroup>
  <ItemGroup>
    <Text Include="ReadMe.txt" />
  </ItemGroup>
  <ItemGroup>
    <ClInclude Include="CVector.h">
      <Filter>Header Files</Filter>
    </ClInclude>
    <ClInclude Include="CCallbackManager.h">
      <Filter>Header Files</Filter>
    </ClInclude>
    <ClInclude Include="CUtils.h">
      <Filter>Header Files</Filter>
    </ClInclude>
    <ClInclude Include="main.h">
      <Filter>Header Files</Filter>
    </ClInclude>
    <ClInclude Include="CSingleton.h">
      <Filter>Header Files</Filter>
    </ClInclude>
    <ClInclude Include="..\lib\pugixml\pugiconfig.hpp">
      <Filter>Lib\PugiXML</Filter>
    </ClInclude>
    <ClInclude Include="..\lib\pugixml\pugixml.hpp">
      <Filter>Lib\PugiXML</Filter>
    </ClInclude>
    <ClInclude Include="CMapConverter.h">
      <Filter>Header Files</Filter>
    </ClInclude>
    <ClInclude Include="..\lib\SDK\plugin.h">
      <Filter>Lib\SDK</Filter>
    </ClInclude>
    <ClInclude Include="..\lib\SDK\plugincommon.h">
      <Filter>Lib\SDK</Filter>
    </ClInclude>
    <ClInclude Include="..\lib\SDK\amx\amx.h">
      <Filter>Lib\SDK\amx</Filter>
    </ClInclude>
    <ClInclude Include="..\lib\SDK\amx\getch.h">
      <Filter>Lib\SDK\amx</Filter>
    </ClInclude>
    <ClInclude Include="..\lib\SDK\amx\sclinux.h">
      <Filter>Lib\SDK\amx</Filter>
    </ClInclude>
  </ItemGroup>
  <ItemGroup>
    <ClCompile Include="CCallbackManager.cpp">
      <Filter>Source Files</Filter>
    </ClCompile>
    <ClCompile Include="CUtils.cpp">
      <Filter>Source Files</Filter>
    </ClCompile>
    <ClCompile Include="..\lib\pugixml\pugixml.cpp">
      <Filter>Lib\PugiXML</Filter>
    </ClCompile>
    <ClCompile Include="main.cpp">
      <Filter>Source Files</Filter>
    </ClCompile>
    <ClCompile Include="CMapConverter.cpp">
      <Filter>Source Files</Filter>
    </ClCompile>
    <ClCompile Include="..\lib\SDK\amxplugin.cpp">
      <Filter>Lib\SDK</Filter>
    </ClCompile>
    <ClCompile Include="..\lib\SDK\amx\getch.c">
      <Filter>Lib\SDK\amx</Filter>
    </ClCompile>
  </ItemGroup>
  <ItemGroup>
    <None Include="MapConverter.def">
      <Filter>Source Files</Filter>
    </None>
    <None Include="..\sampsvr_files\filterscripts\MapConverter.pwn">
      <Filter>sampsvr_files\filterscripts</Filter>
    </None>
    <None Include="..\sampsvr_files\pawno\include\MapConverter.inc">
      <Filter>sampsvr_files\pawno\include</Filter>
    </None>
  </ItemGroup>
</Project>