<?xml version="1.0" encoding="utf-8"?>
<Project ToolsVersion="4.0" xmlns="http://schemas.microsoft.com/developer/msbuild/2003">
  <ItemGroup>
    <Filter Include="Source Files">
      <UniqueIdentifier>{4FC737F1-C7A5-4376-A066-2A32D752A2FF}</UniqueIdentifier>
      <Extensions>cpp;c;cc;cxx;def;odl;idl;hpj;bat;asm;asmx</Extensions>
    </Filter>
    <Filter Include="Header Files">
      <UniqueIdentifier>{93995380-89BD-4b04-88EB-625FBE52EBFB}</UniqueIdentifier>
      <Extensions>h;hpp;hxx;hm;inl;inc;xsd</Extensions>
    </Filter>
    <Filter Include="Lib">
      <UniqueIdentifier>{2c63941a-7f91-4720-8539-7516a9e98940}</UniqueIdentifier>
    </Filter>
    <Filter Include="Lib\PugiXML">
      <UniqueIdentifier>{ce483824-260f-4c8a-aff2-670259a916be}</UniqueIdentifier>
    </Filter>
    <Filter Include="Lib\SDK">
      <UniqueIdentifier>{c47d2fa7-3126-4893-893e-34de13c7cfc9}</UniqueIdentifier>
    </Filter>
  </ItemGroup>
  <ItemGroup>
    <Text Include="ReadMe.txt" />
  </ItemGroup>
  <ItemGroup>
    <ClInclude Include="SDK\plugincommon.h">
      <Filter>Lib\SDK</Filter>
    </ClInclude>
    <ClInclude Include="SDK\plugin.h">
      <Filter>Lib\SDK</Filter>
    </ClInclude>
    <ClInclude Include="CVector.h">
      <Filter>Header Files</Filter>
    </ClInclude>
    <ClInclude Include="CCallbackManager.h">
      <Filter>Header Files</Filter>
    </ClInclude>
    <ClInclude Include="CUtils.h">
      <Filter>Header Files</Filter>
    </ClInclude>
    <ClInclude Include="CConverter.h">
      <Filter>Header Files</Filter>
    </ClInclude>
    <ClInclude Include="main.h">
      <Filter>Header Files</Filter>
    </ClInclude>
  </ItemGroup>
  <ItemGroup>
    <ClCompile Include="SDK\amxplugin.cpp">
      <Filter>Lib\SDK</Filter>
    </ClCompile>
    <ClCompile Include="CCallbackManager.cpp">
      <Filter>Source Files</Filter>
    </ClCompile>
    <ClCompile Include="CUtils.cpp">
      <Filter>Source Files</Filter>
    </ClCompile>
    <ClCompile Include="CConverter.cpp">
      <Filter>Source Files</Filter>
    </ClCompile>
    <ClCompile Include="..\lib\pugixml\pugixml.cpp">
      <Filter>Lib\PugiXML</Filter>
    </ClCompile>
    <ClCompile Include="main.cpp">
      <Filter>Source Files</Filter>
    </ClCompile>
  </ItemGroup>
  <ItemGroup>
    <None Include="Converter.def">
      <Filter>Source Files</Filter>
    </None>
  </ItemGroup>
</Project>